// !$*UTF8*$!
{
	archiveVersion = 1;
	classes = {
	};
	objectVersion = 50;
	objects = {

/* Begin PBXBuildFile section */
		11479CCE256D367200AF877E /* Numbers_Data_BasicValues.m in Sources */ = {isa = PBXBuildFile; fileRef = 11479CCD256D367200AF877E /* Numbers_Data_BasicValues.m */; };
		11479CD1256D368200AF877E /* Strings_Text.m in Sources */ = {isa = PBXBuildFile; fileRef = 11479CD0256D368200AF877E /* Strings_Text.m */; };
		11479CD4256D369100AF877E /* Collections.m in Sources */ = {isa = PBXBuildFile; fileRef = 11479CD3256D369100AF877E /* Collections.m */; };
		11479CD7256D36A500AF877E /* Dates_Times.m in Sources */ = {isa = PBXBuildFile; fileRef = 11479CD6256D36A500AF877E /* Dates_Times.m */; };
		11479CDA256D397300AF877E /* Units_Measurement.m in Sources */ = {isa = PBXBuildFile; fileRef = 11479CD9256D397300AF877E /* Units_Measurement.m */; };
		11479CDD256D39A900AF877E /* DataFormatting.m in Sources */ = {isa = PBXBuildFile; fileRef = 11479CDC256D39A900AF877E /* DataFormatting.m */; };
		11479CE0256D39C800AF877E /* Filters_Sorting.m in Sources */ = {isa = PBXBuildFile; fileRef = 11479CDF256D39C800AF877E /* Filters_Sorting.m */; };
		11479CE3256D39F600AF877E /* TaskManagement.m in Sources */ = {isa = PBXBuildFile; fileRef = 11479CE2256D39F600AF877E /* TaskManagement.m */; };
		11479CE6256D3A1F00AF877E /* Resources.m in Sources */ = {isa = PBXBuildFile; fileRef = 11479CE5256D3A1F00AF877E /* Resources.m */; };
		11479CE9256D3A2E00AF877E /* Notifications.m in Sources */ = {isa = PBXBuildFile; fileRef = 11479CE8256D3A2E00AF877E /* Notifications.m */; };
		11479CEC256D3A6400AF877E /* Errors_Exceptions.m in Sources */ = {isa = PBXBuildFile; fileRef = 11479CEB256D3A6400AF877E /* Errors_Exceptions.m */; };
		11479CEF256D3A7300AF877E /* ScriptingSupport.m in Sources */ = {isa = PBXBuildFile; fileRef = 11479CEE256D3A7300AF877E /* ScriptingSupport.m */; };
		11479CF2256D3B3400AF877E /* URLLoadingSystem.m in Sources */ = {isa = PBXBuildFile; fileRef = 11479CF1256D3B3400AF877E /* URLLoadingSystem.m */; };
		11479CF5256D3B8900AF877E /* ObjectRuntime.m in Sources */ = {isa = PBXBuildFile; fileRef = 11479CF4256D3B8900AF877E /* ObjectRuntime.m */; };
		11479CF8256D3B9D00AF877E /* Processes_Threads.m in Sources */ = {isa = PBXBuildFile; fileRef = 11479CF7256D3B9D00AF877E /* Processes_Threads.m */; };
		11479CFB256D3BB200AF877E /* Streams_Sockets_Ports.m in Sources */ = {isa = PBXBuildFile; fileRef = 11479CFA256D3BB200AF877E /* Streams_Sockets_Ports.m */; };
		1162AB52255F896600D6D099 /* AppDelegate.m in Sources */ = {isa = PBXBuildFile; fileRef = 1162AB51255F896600D6D099 /* AppDelegate.m */; };
		1162AB5B255F896600D6D099 /* Main.storyboard in Resources */ = {isa = PBXBuildFile; fileRef = 1162AB59255F896600D6D099 /* Main.storyboard */; };
		1162AB5D255F896700D6D099 /* Assets.xcassets in Resources */ = {isa = PBXBuildFile; fileRef = 1162AB5C255F896700D6D099 /* Assets.xcassets */; };
		1162AB60255F896700D6D099 /* LaunchScreen.storyboard in Resources */ = {isa = PBXBuildFile; fileRef = 1162AB5E255F896700D6D099 /* LaunchScreen.storyboard */; };
		1162AB63255F896700D6D099 /* main.m in Sources */ = {isa = PBXBuildFile; fileRef = 1162AB62255F896700D6D099 /* main.m */; };
		1162AB6D255F896700D6D099 /* FoundationTests.m in Sources */ = {isa = PBXBuildFile; fileRef = 1162AB6C255F896700D6D099 /* FoundationTests.m */; };
		1162AB78255F896700D6D099 /* FoundationUITests.m in Sources */ = {isa = PBXBuildFile; fileRef = 1162AB77255F896700D6D099 /* FoundationUITests.m */; };
		1162AB8C255F8ACC00D6D099 /* FileSystemController.m in Sources */ = {isa = PBXBuildFile; fileRef = 1162AB8B255F8ACC00D6D099 /* FileSystemController.m */; };
		1162AB8F255F8AF600D6D099 /* ArchivesAndSerializationController.m in Sources */ = {isa = PBXBuildFile; fileRef = 1162AB8E255F8AF600D6D099 /* ArchivesAndSerializationController.m */; };
		1162AB92255F8B3200D6D099 /* PreferencesController.m in Sources */ = {isa = PBXBuildFile; fileRef = 1162AB91255F8B3200D6D099 /* PreferencesController.m */; };
/* End PBXBuildFile section */

/* Begin PBXContainerItemProxy section */
		1162AB69255F896700D6D099 /* PBXContainerItemProxy */ = {
			isa = PBXContainerItemProxy;
			containerPortal = 1162AB45255F896600D6D099 /* Project object */;
			proxyType = 1;
			remoteGlobalIDString = 1162AB4C255F896600D6D099;
			remoteInfo = Foundation;
		};
		1162AB74255F896700D6D099 /* PBXContainerItemProxy */ = {
			isa = PBXContainerItemProxy;
			containerPortal = 1162AB45255F896600D6D099 /* Project object */;
			proxyType = 1;
			remoteGlobalIDString = 1162AB4C255F896600D6D099;
			remoteInfo = Foundation;
		};
/* End PBXContainerItemProxy section */

/* Begin PBXFileReference section */
		11479CCC256D367200AF877E /* Numbers_Data_BasicValues.h */ = {isa = PBXFileReference; lastKnownFileType = sourcecode.c.h; path = Numbers_Data_BasicValues.h; sourceTree = "<group>"; };
		11479CCD256D367200AF877E /* Numbers_Data_BasicValues.m */ = {isa = PBXFileReference; lastKnownFileType = sourcecode.c.objc; path = Numbers_Data_BasicValues.m; sourceTree = "<group>"; };
		11479CCF256D368200AF877E /* Strings_Text.h */ = {isa = PBXFileReference; lastKnownFileType = sourcecode.c.h; path = Strings_Text.h; sourceTree = "<group>"; };
		11479CD0256D368200AF877E /* Strings_Text.m */ = {isa = PBXFileReference; lastKnownFileType = sourcecode.c.objc; path = Strings_Text.m; sourceTree = "<group>"; };
		11479CD2256D369100AF877E /* Collections.h */ = {isa = PBXFileReference; lastKnownFileType = sourcecode.c.h; path = Collections.h; sourceTree = "<group>"; };
		11479CD3256D369100AF877E /* Collections.m */ = {isa = PBXFileReference; lastKnownFileType = sourcecode.c.objc; path = Collections.m; sourceTree = "<group>"; };
		11479CD5256D36A500AF877E /* Dates_Times.h */ = {isa = PBXFileReference; lastKnownFileType = sourcecode.c.h; path = Dates_Times.h; sourceTree = "<group>"; };
		11479CD6256D36A500AF877E /* Dates_Times.m */ = {isa = PBXFileReference; lastKnownFileType = sourcecode.c.objc; path = Dates_Times.m; sourceTree = "<group>"; };
		11479CD8256D397300AF877E /* Units_Measurement.h */ = {isa = PBXFileReference; lastKnownFileType = sourcecode.c.h; path = Units_Measurement.h; sourceTree = "<group>"; };
		11479CD9256D397300AF877E /* Units_Measurement.m */ = {isa = PBXFileReference; lastKnownFileType = sourcecode.c.objc; path = Units_Measurement.m; sourceTree = "<group>"; };
		11479CDB256D39A900AF877E /* DataFormatting.h */ = {isa = PBXFileReference; lastKnownFileType = sourcecode.c.h; path = DataFormatting.h; sourceTree = "<group>"; };
		11479CDC256D39A900AF877E /* DataFormatting.m */ = {isa = PBXFileReference; lastKnownFileType = sourcecode.c.objc; path = DataFormatting.m; sourceTree = "<group>"; };
		11479CDE256D39C800AF877E /* Filters_Sorting.h */ = {isa = PBXFileReference; lastKnownFileType = sourcecode.c.h; path = Filters_Sorting.h; sourceTree = "<group>"; };
		11479CDF256D39C800AF877E /* Filters_Sorting.m */ = {isa = PBXFileReference; lastKnownFileType = sourcecode.c.objc; path = Filters_Sorting.m; sourceTree = "<group>"; };
		11479CE1256D39F600AF877E /* TaskManagement.h */ = {isa = PBXFileReference; lastKnownFileType = sourcecode.c.h; path = TaskManagement.h; sourceTree = "<group>"; };
		11479CE2256D39F600AF877E /* TaskManagement.m */ = {isa = PBXFileReference; lastKnownFileType = sourcecode.c.objc; path = TaskManagement.m; sourceTree = "<group>"; };
		11479CE4256D3A1F00AF877E /* Resources.h */ = {isa = PBXFileReference; lastKnownFileType = sourcecode.c.h; path = Resources.h; sourceTree = "<group>"; };
		11479CE5256D3A1F00AF877E /* Resources.m */ = {isa = PBXFileReference; lastKnownFileType = sourcecode.c.objc; path = Resources.m; sourceTree = "<group>"; };
		11479CE7256D3A2E00AF877E /* Notifications.h */ = {isa = PBXFileReference; lastKnownFileType = sourcecode.c.h; path = Notifications.h; sourceTree = "<group>"; };
		11479CE8256D3A2E00AF877E /* Notifications.m */ = {isa = PBXFileReference; lastKnownFileType = sourcecode.c.objc; path = Notifications.m; sourceTree = "<group>"; };
		11479CEA256D3A6400AF877E /* Errors_Exceptions.h */ = {isa = PBXFileReference; lastKnownFileType = sourcecode.c.h; path = Errors_Exceptions.h; sourceTree = "<group>"; };
		11479CEB256D3A6400AF877E /* Errors_Exceptions.m */ = {isa = PBXFileReference; lastKnownFileType = sourcecode.c.objc; path = Errors_Exceptions.m; sourceTree = "<group>"; };
		11479CED256D3A7300AF877E /* ScriptingSupport.h */ = {isa = PBXFileReference; lastKnownFileType = sourcecode.c.h; path = ScriptingSupport.h; sourceTree = "<group>"; };
		11479CEE256D3A7300AF877E /* ScriptingSupport.m */ = {isa = PBXFileReference; lastKnownFileType = sourcecode.c.objc; path = ScriptingSupport.m; sourceTree = "<group>"; };
		11479CF0256D3B3400AF877E /* URLLoadingSystem.h */ = {isa = PBXFileReference; lastKnownFileType = sourcecode.c.h; path = URLLoadingSystem.h; sourceTree = "<group>"; };
		11479CF1256D3B3400AF877E /* URLLoadingSystem.m */ = {isa = PBXFileReference; lastKnownFileType = sourcecode.c.objc; path = URLLoadingSystem.m; sourceTree = "<group>"; };
		11479CF3256D3B8900AF877E /* ObjectRuntime.h */ = {isa = PBXFileReference; lastKnownFileType = sourcecode.c.h; path = ObjectRuntime.h; sourceTree = "<group>"; };
		11479CF4256D3B8900AF877E /* ObjectRuntime.m */ = {isa = PBXFileReference; lastKnownFileType = sourcecode.c.objc; path = ObjectRuntime.m; sourceTree = "<group>"; };
		11479CF6256D3B9D00AF877E /* Processes_Threads.h */ = {isa = PBXFileReference; lastKnownFileType = sourcecode.c.h; path = Processes_Threads.h; sourceTree = "<group>"; };
		11479CF7256D3B9D00AF877E /* Processes_Threads.m */ = {isa = PBXFileReference; lastKnownFileType = sourcecode.c.objc; path = Processes_Threads.m; sourceTree = "<group>"; };
		11479CF9256D3BB200AF877E /* Streams_Sockets_Ports.h */ = {isa = PBXFileReference; lastKnownFileType = sourcecode.c.h; path = Streams_Sockets_Ports.h; sourceTree = "<group>"; };
		11479CFA256D3BB200AF877E /* Streams_Sockets_Ports.m */ = {isa = PBXFileReference; lastKnownFileType = sourcecode.c.objc; path = Streams_Sockets_Ports.m; sourceTree = "<group>"; };
		1162AB4D255F896600D6D099 /* Foundation.app */ = {isa = PBXFileReference; explicitFileType = wrapper.application; includeInIndex = 0; path = Foundation.app; sourceTree = BUILT_PRODUCTS_DIR; };
		1162AB50255F896600D6D099 /* AppDelegate.h */ = {isa = PBXFileReference; lastKnownFileType = sourcecode.c.h; path = AppDelegate.h; sourceTree = "<group>"; };
		1162AB51255F896600D6D099 /* AppDelegate.m */ = {isa = PBXFileReference; lastKnownFileType = sourcecode.c.objc; path = AppDelegate.m; sourceTree = "<group>"; };
		1162AB5A255F896600D6D099 /* Base */ = {isa = PBXFileReference; lastKnownFileType = file.storyboard; name = Base; path = Base.lproj/Main.storyboard; sourceTree = "<group>"; };
		1162AB5C255F896700D6D099 /* Assets.xcassets */ = {isa = PBXFileReference; lastKnownFileType = folder.assetcatalog; path = Assets.xcassets; sourceTree = "<group>"; };
		1162AB5F255F896700D6D099 /* Base */ = {isa = PBXFileReference; lastKnownFileType = file.storyboard; name = Base; path = Base.lproj/LaunchScreen.storyboard; sourceTree = "<group>"; };
		1162AB61255F896700D6D099 /* Info.plist */ = {isa = PBXFileReference; lastKnownFileType = text.plist.xml; path = Info.plist; sourceTree = "<group>"; };
		1162AB62255F896700D6D099 /* main.m */ = {isa = PBXFileReference; lastKnownFileType = sourcecode.c.objc; path = main.m; sourceTree = "<group>"; };
		1162AB68255F896700D6D099 /* FoundationTests.xctest */ = {isa = PBXFileReference; explicitFileType = wrapper.cfbundle; includeInIndex = 0; path = FoundationTests.xctest; sourceTree = BUILT_PRODUCTS_DIR; };
		1162AB6C255F896700D6D099 /* FoundationTests.m */ = {isa = PBXFileReference; lastKnownFileType = sourcecode.c.objc; path = FoundationTests.m; sourceTree = "<group>"; };
		1162AB6E255F896700D6D099 /* Info.plist */ = {isa = PBXFileReference; lastKnownFileType = text.plist.xml; path = Info.plist; sourceTree = "<group>"; };
		1162AB73255F896700D6D099 /* FoundationUITests.xctest */ = {isa = PBXFileReference; explicitFileType = wrapper.cfbundle; includeInIndex = 0; path = FoundationUITests.xctest; sourceTree = BUILT_PRODUCTS_DIR; };
		1162AB77255F896700D6D099 /* FoundationUITests.m */ = {isa = PBXFileReference; lastKnownFileType = sourcecode.c.objc; path = FoundationUITests.m; sourceTree = "<group>"; };
		1162AB79255F896700D6D099 /* Info.plist */ = {isa = PBXFileReference; lastKnownFileType = text.plist.xml; path = Info.plist; sourceTree = "<group>"; };
		1162AB8A255F8ACC00D6D099 /* FileSystemController.h */ = {isa = PBXFileReference; lastKnownFileType = sourcecode.c.h; path = FileSystemController.h; sourceTree = "<group>"; };
		1162AB8B255F8ACC00D6D099 /* FileSystemController.m */ = {isa = PBXFileReference; lastKnownFileType = sourcecode.c.objc; path = FileSystemController.m; sourceTree = "<group>"; };
		1162AB8D255F8AF600D6D099 /* ArchivesAndSerializationController.h */ = {isa = PBXFileReference; lastKnownFileType = sourcecode.c.h; path = ArchivesAndSerializationController.h; sourceTree = "<group>"; };
		1162AB8E255F8AF600D6D099 /* ArchivesAndSerializationController.m */ = {isa = PBXFileReference; lastKnownFileType = sourcecode.c.objc; path = ArchivesAndSerializationController.m; sourceTree = "<group>"; };
		1162AB90255F8B3200D6D099 /* PreferencesController.h */ = {isa = PBXFileReference; lastKnownFileType = sourcecode.c.h; path = PreferencesController.h; sourceTree = "<group>"; };
		1162AB91255F8B3200D6D099 /* PreferencesController.m */ = {isa = PBXFileReference; lastKnownFileType = sourcecode.c.objc; path = PreferencesController.m; sourceTree = "<group>"; };
/* End PBXFileReference section */

/* Begin PBXFrameworksBuildPhase section */
		1162AB4A255F896600D6D099 /* Frameworks */ = {
			isa = PBXFrameworksBuildPhase;
			buildActionMask = 2147483647;
			files = (
			);
			runOnlyForDeploymentPostprocessing = 0;
		};
		1162AB65255F896700D6D099 /* Frameworks */ = {
			isa = PBXFrameworksBuildPhase;
			buildActionMask = 2147483647;
			files = (
			);
			runOnlyForDeploymentPostprocessing = 0;
		};
		1162AB70255F896700D6D099 /* Frameworks */ = {
			isa = PBXFrameworksBuildPhase;
			buildActionMask = 2147483647;
			files = (
			);
			runOnlyForDeploymentPostprocessing = 0;
		};
/* End PBXFrameworksBuildPhase section */

/* Begin PBXGroup section */
		1162AB44255F896600D6D099 = {
			isa = PBXGroup;
			children = (
				1162AB4F255F896600D6D099 /* Foundation */,
				1162AB6B255F896700D6D099 /* FoundationTests */,
				1162AB76255F896700D6D099 /* FoundationUITests */,
				1162AB4E255F896600D6D099 /* Products */,
			);
			sourceTree = "<group>";
		};
		1162AB4E255F896600D6D099 /* Products */ = {
			isa = PBXGroup;
			children = (
				1162AB4D255F896600D6D099 /* Foundation.app */,
				1162AB68255F896700D6D099 /* FoundationTests.xctest */,
				1162AB73255F896700D6D099 /* FoundationUITests.xctest */,
			);
			name = Products;
			sourceTree = "<group>";
		};
		1162AB4F255F896600D6D099 /* Foundation */ = {
			isa = PBXGroup;
			children = (
				1162AB89255F8A2200D6D099 /* Low-Level Utilities */,
				1162AB88255F8A1900D6D099 /* Networking */,
				1162AB87255F8A0500D6D099 /* FilesDataPersistence */,
				1162AB86255F89F700D6D099 /* AppSupport */,
				1162AB85255F89EC00D6D099 /* Fundamentals */,
				1162AB50255F896600D6D099 /* AppDelegate.h */,
				1162AB51255F896600D6D099 /* AppDelegate.m */,
				1162AB59255F896600D6D099 /* Main.storyboard */,
				1162AB5C255F896700D6D099 /* Assets.xcassets */,
				1162AB5E255F896700D6D099 /* LaunchScreen.storyboard */,
				1162AB61255F896700D6D099 /* Info.plist */,
				1162AB62255F896700D6D099 /* main.m */,
			);
			path = Foundation;
			sourceTree = "<group>";
		};
		1162AB6B255F896700D6D099 /* FoundationTests */ = {
			isa = PBXGroup;
			children = (
				1162AB6C255F896700D6D099 /* FoundationTests.m */,
				1162AB6E255F896700D6D099 /* Info.plist */,
			);
			path = FoundationTests;
			sourceTree = "<group>";
		};
		1162AB76255F896700D6D099 /* FoundationUITests */ = {
			isa = PBXGroup;
			children = (
				1162AB77255F896700D6D099 /* FoundationUITests.m */,
				1162AB79255F896700D6D099 /* Info.plist */,
			);
			path = FoundationUITests;
			sourceTree = "<group>";
		};
		1162AB85255F89EC00D6D099 /* Fundamentals */ = {
			isa = PBXGroup;
			children = (
				11479CCC256D367200AF877E /* Numbers_Data_BasicValues.h */,
				11479CCD256D367200AF877E /* Numbers_Data_BasicValues.m */,
				11479CCF256D368200AF877E /* Strings_Text.h */,
				11479CD0256D368200AF877E /* Strings_Text.m */,
				11479CD2256D369100AF877E /* Collections.h */,
				11479CD3256D369100AF877E /* Collections.m */,
				11479CD5256D36A500AF877E /* Dates_Times.h */,
				11479CD6256D36A500AF877E /* Dates_Times.m */,
				11479CD8256D397300AF877E /* Units_Measurement.h */,
				11479CD9256D397300AF877E /* Units_Measurement.m */,
				11479CDB256D39A900AF877E /* DataFormatting.h */,
				11479CDC256D39A900AF877E /* DataFormatting.m */,
				11479CDE256D39C800AF877E /* Filters_Sorting.h */,
				11479CDF256D39C800AF877E /* Filters_Sorting.m */,
			);
			path = Fundamentals;
			sourceTree = "<group>";
		};
		1162AB86255F89F700D6D099 /* AppSupport */ = {
			isa = PBXGroup;
			children = (
				11479CE1256D39F600AF877E /* TaskManagement.h */,
				11479CE2256D39F600AF877E /* TaskManagement.m */,
				11479CE4256D3A1F00AF877E /* Resources.h */,
				11479CE5256D3A1F00AF877E /* Resources.m */,
				11479CE7256D3A2E00AF877E /* Notifications.h */,
				11479CE8256D3A2E00AF877E /* Notifications.m */,
				11479CEA256D3A6400AF877E /* Errors_Exceptions.h */,
				11479CEB256D3A6400AF877E /* Errors_Exceptions.m */,
				11479CED256D3A7300AF877E /* ScriptingSupport.h */,
				11479CEE256D3A7300AF877E /* ScriptingSupport.m */,
			);
			path = AppSupport;
			sourceTree = "<group>";
		};
		1162AB87255F8A0500D6D099 /* FilesDataPersistence */ = {
			isa = PBXGroup;
			children = (
				1162AB8A255F8ACC00D6D099 /* FileSystemController.h */,
				1162AB8B255F8ACC00D6D099 /* FileSystemController.m */,
				1162AB8D255F8AF600D6D099 /* ArchivesAndSerializationController.h */,
				1162AB8E255F8AF600D6D099 /* ArchivesAndSerializationController.m */,
				1162AB90255F8B3200D6D099 /* PreferencesController.h */,
				1162AB91255F8B3200D6D099 /* PreferencesController.m */,
			);
			path = FilesDataPersistence;
			sourceTree = "<group>";
		};
		1162AB88255F8A1900D6D099 /* Networking */ = {
			isa = PBXGroup;
			children = (
				11479CF0256D3B3400AF877E /* URLLoadingSystem.h */,
				11479CF1256D3B3400AF877E /* URLLoadingSystem.m */,
			);
			path = Networking;
			sourceTree = "<group>";
		};
		1162AB89255F8A2200D6D099 /* Low-Level Utilities */ = {
			isa = PBXGroup;
			children = (
				11479CF3256D3B8900AF877E /* ObjectRuntime.h */,
				11479CF4256D3B8900AF877E /* ObjectRuntime.m */,
				11479CF6256D3B9D00AF877E /* Processes_Threads.h */,
				11479CF7256D3B9D00AF877E /* Processes_Threads.m */,
				11479CF9256D3BB200AF877E /* Streams_Sockets_Ports.h */,
				11479CFA256D3BB200AF877E /* Streams_Sockets_Ports.m */,
			);
			path = "Low-Level Utilities";
			sourceTree = "<group>";
		};
/* End PBXGroup section */

/* Begin PBXNativeTarget section */
		1162AB4C255F896600D6D099 /* Foundation */ = {
			isa = PBXNativeTarget;
			buildConfigurationList = 1162AB7C255F896700D6D099 /* Build configuration list for PBXNativeTarget "Foundation" */;
			buildPhases = (
				1162AB49255F896600D6D099 /* Sources */,
				1162AB4A255F896600D6D099 /* Frameworks */,
				1162AB4B255F896600D6D099 /* Resources */,
			);
			buildRules = (
			);
			dependencies = (
			);
			name = Foundation;
			productName = Foundation;
			productReference = 1162AB4D255F896600D6D099 /* Foundation.app */;
			productType = "com.apple.product-type.application";
		};
		1162AB67255F896700D6D099 /* FoundationTests */ = {
			isa = PBXNativeTarget;
			buildConfigurationList = 1162AB7F255F896700D6D099 /* Build configuration list for PBXNativeTarget "FoundationTests" */;
			buildPhases = (
				1162AB64255F896700D6D099 /* Sources */,
				1162AB65255F896700D6D099 /* Frameworks */,
				1162AB66255F896700D6D099 /* Resources */,
			);
			buildRules = (
			);
			dependencies = (
				1162AB6A255F896700D6D099 /* PBXTargetDependency */,
			);
			name = FoundationTests;
			productName = FoundationTests;
			productReference = 1162AB68255F896700D6D099 /* FoundationTests.xctest */;
			productType = "com.apple.product-type.bundle.unit-test";
		};
		1162AB72255F896700D6D099 /* FoundationUITests */ = {
			isa = PBXNativeTarget;
			buildConfigurationList = 1162AB82255F896700D6D099 /* Build configuration list for PBXNativeTarget "FoundationUITests" */;
			buildPhases = (
				1162AB6F255F896700D6D099 /* Sources */,
				1162AB70255F896700D6D099 /* Frameworks */,
				1162AB71255F896700D6D099 /* Resources */,
			);
			buildRules = (
			);
			dependencies = (
				1162AB75255F896700D6D099 /* PBXTargetDependency */,
			);
			name = FoundationUITests;
			productName = FoundationUITests;
			productReference = 1162AB73255F896700D6D099 /* FoundationUITests.xctest */;
			productType = "com.apple.product-type.bundle.ui-testing";
		};
/* End PBXNativeTarget section */

/* Begin PBXProject section */
		1162AB45255F896600D6D099 /* Project object */ = {
			isa = PBXProject;
			attributes = {
				LastUpgradeCheck = 1150;
				ORGANIZATIONNAME = tigerfly;
				TargetAttributes = {
					1162AB4C255F896600D6D099 = {
						CreatedOnToolsVersion = 11.5;
					};
					1162AB67255F896700D6D099 = {
						CreatedOnToolsVersion = 11.5;
						TestTargetID = 1162AB4C255F896600D6D099;
					};
					1162AB72255F896700D6D099 = {
						CreatedOnToolsVersion = 11.5;
						TestTargetID = 1162AB4C255F896600D6D099;
					};
				};
			};
			buildConfigurationList = 1162AB48255F896600D6D099 /* Build configuration list for PBXProject "Foundation" */;
			compatibilityVersion = "Xcode 9.3";
			developmentRegion = en;
			hasScannedForEncodings = 0;
			knownRegions = (
				en,
				Base,
			);
			mainGroup = 1162AB44255F896600D6D099;
			productRefGroup = 1162AB4E255F896600D6D099 /* Products */;
			projectDirPath = "";
			projectRoot = "";
			targets = (
				1162AB4C255F896600D6D099 /* Foundation */,
				1162AB67255F896700D6D099 /* FoundationTests */,
				1162AB72255F896700D6D099 /* FoundationUITests */,
			);
		};
/* End PBXProject section */

/* Begin PBXResourcesBuildPhase section */
		1162AB4B255F896600D6D099 /* Resources */ = {
			isa = PBXResourcesBuildPhase;
			buildActionMask = 2147483647;
			files = (
				1162AB60255F896700D6D099 /* LaunchScreen.storyboard in Resources */,
				1162AB5D255F896700D6D099 /* Assets.xcassets in Resources */,
				1162AB5B255F896600D6D099 /* Main.storyboard in Resources */,
			);
			runOnlyForDeploymentPostprocessing = 0;
		};
		1162AB66255F896700D6D099 /* Resources */ = {
			isa = PBXResourcesBuildPhase;
			buildActionMask = 2147483647;
			files = (
			);
			runOnlyForDeploymentPostprocessing = 0;
		};
		1162AB71255F896700D6D099 /* Resources */ = {
			isa = PBXResourcesBuildPhase;
			buildActionMask = 2147483647;
			files = (
			);
			runOnlyForDeploymentPostprocessing = 0;
		};
/* End PBXResourcesBuildPhase section */

/* Begin PBXSourcesBuildPhase section */
		1162AB49255F896600D6D099 /* Sources */ = {
			isa = PBXSourcesBuildPhase;
			buildActionMask = 2147483647;
			files = (
				1162AB92255F8B3200D6D099 /* PreferencesController.m in Sources */,
				11479CE9256D3A2E00AF877E /* Notifications.m in Sources */,
				11479CCE256D367200AF877E /* Numbers_Data_BasicValues.m in Sources */,
				11479CE3256D39F600AF877E /* TaskManagement.m in Sources */,
				1162AB52255F896600D6D099 /* AppDelegate.m in Sources */,
				1162AB8F255F8AF600D6D099 /* ArchivesAndSerializationController.m in Sources */,
				11479CFB256D3BB200AF877E /* Streams_Sockets_Ports.m in Sources */,
				11479CDA256D397300AF877E /* Units_Measurement.m in Sources */,
				11479CF8256D3B9D00AF877E /* Processes_Threads.m in Sources */,
				11479CF2256D3B3400AF877E /* URLLoadingSystem.m in Sources */,
				11479CDD256D39A900AF877E /* DataFormatting.m in Sources */,
				11479CE6256D3A1F00AF877E /* Resources.m in Sources */,
				11479CE0256D39C800AF877E /* Filters_Sorting.m in Sources */,
				1162AB8C255F8ACC00D6D099 /* FileSystemController.m in Sources */,
				11479CD7256D36A500AF877E /* Dates_Times.m in Sources */,
				11479CEF256D3A7300AF877E /* ScriptingSupport.m in Sources */,
				11479CEC256D3A6400AF877E /* Errors_Exceptions.m in Sources */,
				11479CD1256D368200AF877E /* Strings_Text.m in Sources */,
				11479CF5256D3B8900AF877E /* ObjectRuntime.m in Sources */,
				1162AB63255F896700D6D099 /* main.m in Sources */,
				11479CD4256D369100AF877E /* Collections.m in Sources */,
			);
			runOnlyForDeploymentPostprocessing = 0;
		};
		1162AB64255F896700D6D099 /* Sources */ = {
			isa = PBXSourcesBuildPhase;
			buildActionMask = 2147483647;
			files = (
				1162AB6D255F896700D6D099 /* FoundationTests.m in Sources */,
			);
			runOnlyForDeploymentPostprocessing = 0;
		};
		1162AB6F255F896700D6D099 /* Sources */ = {
			isa = PBXSourcesBuildPhase;
			buildActionMask = 2147483647;
			files = (
				1162AB78255F896700D6D099 /* FoundationUITests.m in Sources */,
			);
			runOnlyForDeploymentPostprocessing = 0;
		};
/* End PBXSourcesBuildPhase section */

/* Begin PBXTargetDependency section */
		1162AB6A255F896700D6D099 /* PBXTargetDependency */ = {
			isa = PBXTargetDependency;
			target = 1162AB4C255F896600D6D099 /* Foundation */;
			targetProxy = 1162AB69255F896700D6D099 /* PBXContainerItemProxy */;
		};
		1162AB75255F896700D6D099 /* PBXTargetDependency */ = {
			isa = PBXTargetDependency;
			target = 1162AB4C255F896600D6D099 /* Foundation */;
			targetProxy = 1162AB74255F896700D6D099 /* PBXContainerItemProxy */;
		};
/* End PBXTargetDependency section */

/* Begin PBXVariantGroup section */
		1162AB59255F896600D6D099 /* Main.storyboard */ = {
			isa = PBXVariantGroup;
			children = (
				1162AB5A255F896600D6D099 /* Base */,
			);
			name = Main.storyboard;
			sourceTree = "<group>";
		};
		1162AB5E255F896700D6D099 /* LaunchScreen.storyboard */ = {
			isa = PBXVariantGroup;
			children = (
				1162AB5F255F896700D6D099 /* Base */,
			);
			name = LaunchScreen.storyboard;
			sourceTree = "<group>";
		};
/* End PBXVariantGroup section */

/* Begin XCBuildConfiguration section */
		1162AB7A255F896700D6D099 /* Debug */ = {
			isa = XCBuildConfiguration;
			buildSettings = {
				ALWAYS_SEARCH_USER_PATHS = NO;
				CLANG_ANALYZER_NONNULL = YES;
				CLANG_ANALYZER_NUMBER_OBJECT_CONVERSION = YES_AGGRESSIVE;
				CLANG_CXX_LANGUAGE_STANDARD = "gnu++14";
				CLANG_CXX_LIBRARY = "libc++";
				CLANG_ENABLE_MODULES = YES;
				CLANG_ENABLE_OBJC_ARC = YES;
				CLANG_ENABLE_OBJC_WEAK = YES;
				CLANG_WARN_BLOCK_CAPTURE_AUTORELEASING = YES;
				CLANG_WARN_BOOL_CONVERSION = YES;
				CLANG_WARN_COMMA = YES;
				CLANG_WARN_CONSTANT_CONVERSION = YES;
				CLANG_WARN_DEPRECATED_OBJC_IMPLEMENTATIONS = YES;
				CLANG_WARN_DIRECT_OBJC_ISA_USAGE = YES_ERROR;
				CLANG_WARN_DOCUMENTATION_COMMENTS = YES;
				CLANG_WARN_EMPTY_BODY = YES;
				CLANG_WARN_ENUM_CONVERSION = YES;
				CLANG_WARN_INFINITE_RECURSION = YES;
				CLANG_WARN_INT_CONVERSION = YES;
				CLANG_WARN_NON_LITERAL_NULL_CONVERSION = YES;
				CLANG_WARN_OBJC_IMPLICIT_RETAIN_SELF = YES;
				CLANG_WARN_OBJC_LITERAL_CONVERSION = YES;
				CLANG_WARN_OBJC_ROOT_CLASS = YES_ERROR;
				CLANG_WARN_RANGE_LOOP_ANALYSIS = YES;
				CLANG_WARN_STRICT_PROTOTYPES = YES;
				CLANG_WARN_SUSPICIOUS_MOVE = YES;
				CLANG_WARN_UNGUARDED_AVAILABILITY = YES_AGGRESSIVE;
				CLANG_WARN_UNREACHABLE_CODE = YES;
				CLANG_WARN__DUPLICATE_METHOD_MATCH = YES;
				COPY_PHASE_STRIP = NO;
				DEBUG_INFORMATION_FORMAT = dwarf;
				ENABLE_STRICT_OBJC_MSGSEND = YES;
				ENABLE_TESTABILITY = YES;
				GCC_C_LANGUAGE_STANDARD = gnu11;
				GCC_DYNAMIC_NO_PIC = NO;
				GCC_NO_COMMON_BLOCKS = YES;
				GCC_OPTIMIZATION_LEVEL = 0;
				GCC_PREPROCESSOR_DEFINITIONS = (
					"DEBUG=1",
					"$(inherited)",
				);
				GCC_WARN_64_TO_32_BIT_CONVERSION = YES;
				GCC_WARN_ABOUT_RETURN_TYPE = YES_ERROR;
				GCC_WARN_UNDECLARED_SELECTOR = YES;
				GCC_WARN_UNINITIALIZED_AUTOS = YES_AGGRESSIVE;
				GCC_WARN_UNUSED_FUNCTION = YES;
				GCC_WARN_UNUSED_VARIABLE = YES;
				IPHONEOS_DEPLOYMENT_TARGET = 13.5;
				MTL_ENABLE_DEBUG_INFO = INCLUDE_SOURCE;
				MTL_FAST_MATH = YES;
				ONLY_ACTIVE_ARCH = YES;
				SDKROOT = iphoneos;
			};
			name = Debug;
		};
		1162AB7B255F896700D6D099 /* Release */ = {
			isa = XCBuildConfiguration;
			buildSettings = {
				ALWAYS_SEARCH_USER_PATHS = NO;
				CLANG_ANALYZER_NONNULL = YES;
				CLANG_ANALYZER_NUMBER_OBJECT_CONVERSION = YES_AGGRESSIVE;
				CLANG_CXX_LANGUAGE_STANDARD = "gnu++14";
				CLANG_CXX_LIBRARY = "libc++";
				CLANG_ENABLE_MODULES = YES;
				CLANG_ENABLE_OBJC_ARC = YES;
				CLANG_ENABLE_OBJC_WEAK = YES;
				CLANG_WARN_BLOCK_CAPTURE_AUTORELEASING = YES;
				CLANG_WARN_BOOL_CONVERSION = YES;
				CLANG_WARN_COMMA = YES;
				CLANG_WARN_CONSTANT_CONVERSION = YES;
				CLANG_WARN_DEPRECATED_OBJC_IMPLEMENTATIONS = YES;
				CLANG_WARN_DIRECT_OBJC_ISA_USAGE = YES_ERROR;
				CLANG_WARN_DOCUMENTATION_COMMENTS = YES;
				CLANG_WARN_EMPTY_BODY = YES;
				CLANG_WARN_ENUM_CONVERSION = YES;
				CLANG_WARN_INFINITE_RECURSION = YES;
				CLANG_WARN_INT_CONVERSION = YES;
				CLANG_WARN_NON_LITERAL_NULL_CONVERSION = YES;
				CLANG_WARN_OBJC_IMPLICIT_RETAIN_SELF = YES;
				CLANG_WARN_OBJC_LITERAL_CONVERSION = YES;
				CLANG_WARN_OBJC_ROOT_CLASS = YES_ERROR;
				CLANG_WARN_RANGE_LOOP_ANALYSIS = YES;
				CLANG_WARN_STRICT_PROTOTYPES = YES;
				CLANG_WARN_SUSPICIOUS_MOVE = YES;
				CLANG_WARN_UNGUARDED_AVAILABILITY = YES_AGGRESSIVE;
				CLANG_WARN_UNREACHABLE_CODE = YES;
				CLANG_WARN__DUPLICATE_METHOD_MATCH = YES;
				COPY_PHASE_STRIP = NO;
				DEBUG_INFORMATION_FORMAT = "dwarf-with-dsym";
				ENABLE_NS_ASSERTIONS = NO;
				ENABLE_STRICT_OBJC_MSGSEND = YES;
				GCC_C_LANGUAGE_STANDARD = gnu11;
				GCC_NO_COMMON_BLOCKS = YES;
				GCC_WARN_64_TO_32_BIT_CONVERSION = YES;
				GCC_WARN_ABOUT_RETURN_TYPE = YES_ERROR;
				GCC_WARN_UNDECLARED_SELECTOR = YES;
				GCC_WARN_UNINITIALIZED_AUTOS = YES_AGGRESSIVE;
				GCC_WARN_UNUSED_FUNCTION = YES;
				GCC_WARN_UNUSED_VARIABLE = YES;
				IPHONEOS_DEPLOYMENT_TARGET = 13.5;
				MTL_ENABLE_DEBUG_INFO = NO;
				MTL_FAST_MATH = YES;
				SDKROOT = iphoneos;
				VALIDATE_PRODUCT = YES;
			};
			name = Release;
		};
		1162AB7D255F896700D6D099 /* Debug */ = {
			isa = XCBuildConfiguration;
			buildSettings = {
				ASSETCATALOG_COMPILER_APPICON_NAME = AppIcon;
				CODE_SIGN_STYLE = Automatic;
				DEVELOPMENT_TEAM = 962BW6QCNQ;
				INFOPLIST_FILE = Foundation/Info.plist;
				LD_RUNPATH_SEARCH_PATHS = (
					"$(inherited)",
					"@executable_path/Frameworks",
				);
				PRODUCT_BUNDLE_IDENTIFIER = com.jumei.Foundation;
				PRODUCT_NAME = "$(TARGET_NAME)";
				TARGETED_DEVICE_FAMILY = "1,2";
			};
			name = Debug;
		};
		1162AB7E255F896700D6D099 /* Release */ = {
			isa = XCBuildConfiguration;
			buildSettings = {
				ASSETCATALOG_COMPILER_APPICON_NAME = AppIcon;
				CODE_SIGN_STYLE = Automatic;
				DEVELOPMENT_TEAM = 962BW6QCNQ;
				INFOPLIST_FILE = Foundation/Info.plist;
				LD_RUNPATH_SEARCH_PATHS = (
					"$(inherited)",
					"@executable_path/Frameworks",
				);
				PRODUCT_BUNDLE_IDENTIFIER = com.jumei.Foundation;
				PRODUCT_NAME = "$(TARGET_NAME)";
				TARGETED_DEVICE_FAMILY = "1,2";
			};
			name = Release;
		};
		1162AB80255F896700D6D099 /* Debug */ = {
			isa = XCBuildConfiguration;
			buildSettings = {
				BUNDLE_LOADER = "$(TEST_HOST)";
				CODE_SIGN_STYLE = Automatic;
				DEVELOPMENT_TEAM = 962BW6QCNQ;
				INFOPLIST_FILE = FoundationTests/Info.plist;
				IPHONEOS_DEPLOYMENT_TARGET = 13.5;
				LD_RUNPATH_SEARCH_PATHS = (
					"$(inherited)",
					"@executable_path/Frameworks",
					"@loader_path/Frameworks",
				);
				PRODUCT_BUNDLE_IDENTIFIER = com.jumei.FoundationTests;
				PRODUCT_NAME = "$(TARGET_NAME)";
				TARGETED_DEVICE_FAMILY = "1,2";
				TEST_HOST = "$(BUILT_PRODUCTS_DIR)/Foundation.app/Foundation";
			};
			name = Debug;
		};
		1162AB81255F896700D6D099 /* Release */ = {
			isa = XCBuildConfiguration;
			buildSettings = {
				BUNDLE_LOADER = "$(TEST_HOST)";
				CODE_SIGN_STYLE = Automatic;
				DEVELOPMENT_TEAM = 962BW6QCNQ;
				INFOPLIST_FILE = FoundationTests/Info.plist;
				IPHONEOS_DEPLOYMENT_TARGET = 13.5;
				LD_RUNPATH_SEARCH_PATHS = (
					"$(inherited)",
					"@executable_path/Frameworks",
					"@loader_path/Frameworks",
				);
				PRODUCT_BUNDLE_IDENTIFIER = com.jumei.FoundationTests;
				PRODUCT_NAME = "$(TARGET_NAME)";
				TARGETED_DEVICE_FAMILY = "1,2";
				TEST_HOST = "$(BUILT_PRODUCTS_DIR)/Foundation.app/Foundation";
			};
			name = Release;
		};
		1162AB83255F896700D6D099 /* Debug */ = {
			isa = XCBuildConfiguration;
			buildSettings = {
				CODE_SIGN_STYLE = Automatic;
				DEVELOPMENT_TEAM = 962BW6QCNQ;
				INFOPLIST_FILE = FoundationUITests/Info.plist;
				LD_RUNPATH_SEARCH_PATHS = (
					"$(inherited)",
					"@executable_path/Frameworks",
					"@loader_path/Frameworks",
				);
				PRODUCT_BUNDLE_IDENTIFIER = com.jumei.FoundationUITests;
				PRODUCT_NAME = "$(TARGET_NAME)";
				TARGETED_DEVICE_FAMILY = "1,2";
				TEST_TARGET_NAME = Foundation;
			};
			name = Debug;
		};
		1162AB84255F896700D6D099 /* Release */ = {
			isa = XCBuildConfiguration;
			buildSettings = {
				CODE_SIGN_STYLE = Automatic;
				DEVELOPMENT_TEAM = 962BW6QCNQ;
				INFOPLIST_FILE = FoundationUITests/Info.plist;
				LD_RUNPATH_SEARCH_PATHS = (
					"$(inherited)",
					"@executable_path/Frameworks",
					"@loader_path/Frameworks",
				);
				PRODUCT_BUNDLE_IDENTIFIER = com.jumei.FoundationUITests;
				PRODUCT_NAME = "$(TARGET_NAME)";
				TARGETED_DEVICE_FAMILY = "1,2";
				TEST_TARGET_NAME = Foundation;
			};
			name = Release;
		};
/* End XCBuildConfiguration section */

/* Begin XCConfigurationList section */
		1162AB48255F896600D6D099 /* Build configuration list for PBXProject "Foundation" */ = {
			isa = XCConfigurationList;
			buildConfigurations = (
				1162AB7A255F896700D6D099 /* Debug */,
				1162AB7B255F896700D6D099 /* Release */,
			);
			defaultConfigurationIsVisible = 0;
			defaultConfigurationName = Release;
		};
		1162AB7C255F896700D6D099 /* Build configuration list for PBXNativeTarget "Foundation" */ = {
			isa = XCConfigurationList;
			buildConfigurations = (
				1162AB7D255F896700D6D099 /* Debug */,
				1162AB7E255F896700D6D099 /* Release */,
			);
			defaultConfigurationIsVisible = 0;
			defaultConfigurationName = Release;
		};
		1162AB7F255F896700D6D099 /* Build configuration list for PBXNativeTarget "FoundationTests" */ = {
			isa = XCConfigurationList;
			buildConfigurations = (
				1162AB80255F896700D6D099 /* Debug */,
				1162AB81255F896700D6D099 /* Release */,
			);
			defaultConfigurationIsVisible = 0;
			defaultConfigurationName = Release;
		};
		1162AB82255F896700D6D099 /* Build configuration list for PBXNativeTarget "FoundationUITests" */ = {
			isa = XCConfigurationList;
			buildConfigurations = (
				1162AB83255F896700D6D099 /* Debug */,
				1162AB84255F896700D6D099 /* Release */,
			);
			defaultConfigurationIsVisible = 0;
			defaultConfigurationName = Release;
		};
/* End XCConfigurationList section */
	};
	rootObject = 1162AB45255F896600D6D099 /* Project object */;
}
